// !$*UTF8*$!
{
	archiveVersion = 1;
	classes = {
	};
	objectVersion = 55;
	objects = {

/* Begin PBXBuildFile section */
		AF54711929530E1B0055F4EA /* AppDelegate.swift in Sources */ = {isa = PBXBuildFile; fileRef = AF54711829530E1B0055F4EA /* AppDelegate.swift */; };
		AF54711B29530E1B0055F4EA /* SceneDelegate.swift in Sources */ = {isa = PBXBuildFile; fileRef = AF54711A29530E1B0055F4EA /* SceneDelegate.swift */; };
		AF54712029530E1B0055F4EA /* Main.storyboard in Resources */ = {isa = PBXBuildFile; fileRef = AF54711E29530E1B0055F4EA /* Main.storyboard */; };
		AF54712229530E200055F4EA /* Assets.xcassets in Resources */ = {isa = PBXBuildFile; fileRef = AF54712129530E200055F4EA /* Assets.xcassets */; };
		AF54712529530E200055F4EA /* LaunchScreen.storyboard in Resources */ = {isa = PBXBuildFile; fileRef = AF54712329530E200055F4EA /* LaunchScreen.storyboard */; };
		AF547130295310EE0055F4EA /* ActionsCVC.swift in Sources */ = {isa = PBXBuildFile; fileRef = AF54712F295310EE0055F4EA /* ActionsCVC.swift */; };
		AF547132295312090055F4EA /* ActionCollectionViewCell.swift in Sources */ = {isa = PBXBuildFile; fileRef = AF547131295312090055F4EA /* ActionCollectionViewCell.swift */; };
		AF54713529531DB20055F4EA /* ImageVC.swift in Sources */ = {isa = PBXBuildFile; fileRef = AF54713429531DB20055F4EA /* ImageVC.swift */; };
		AF6530CD295D8249000588C8 /* Albums.storyboard in Resources */ = {isa = PBXBuildFile; fileRef = AF6530CC295D8249000588C8 /* Albums.storyboard */; };
		AF6530D0295D86E9000588C8 /* AlbumsTVC.swift in Sources */ = {isa = PBXBuildFile; fileRef = AF6530CF295D86E9000588C8 /* AlbumsTVC.swift */; };
		AF6B858B295C3B80006AC682 /* NewPostVC.swift in Sources */ = {isa = PBXBuildFile; fileRef = AF6B858A295C3B80006AC682 /* NewPostVC.swift */; };
		AF6B858E295C4B42006AC682 /* SwiftyJSON in Frameworks */ = {isa = PBXBuildFile; productRef = AF6B858D295C4B42006AC682 /* SwiftyJSON */; };
		AF6B8591295C5CC0006AC682 /* Alamofire in Frameworks */ = {isa = PBXBuildFile; productRef = AF6B8590295C5CC0006AC682 /* Alamofire */; };
		AF6B8594295C5E33006AC682 /* AlamofireImage in Frameworks */ = {isa = PBXBuildFile; productRef = AF6B8593295C5E33006AC682 /* AlamofireImage */; };
		AF6B8597295C6917006AC682 /* NetworkService.swift in Sources */ = {isa = PBXBuildFile; fileRef = AF6B8596295C6917006AC682 /* NetworkService.swift */; };
		AFFB8B7C29584852007356A3 /* Models User.swift in Sources */ = {isa = PBXBuildFile; fileRef = AFFB8B7B29584852007356A3 /* Models User.swift */; };
		AFFB8B7E29584C24007356A3 /* UsersTVC.swift in Sources */ = {isa = PBXBuildFile; fileRef = AFFB8B7D29584C24007356A3 /* UsersTVC.swift */; };
		AFFB8B8029585589007356A3 /* DetailUserVC.swift in Sources */ = {isa = PBXBuildFile; fileRef = AFFB8B7F29585589007356A3 /* DetailUserVC.swift */; };
		AFFB8B822958819B007356A3 /* PostFlow.storyboard in Resources */ = {isa = PBXBuildFile; fileRef = AFFB8B812958819B007356A3 /* PostFlow.storyboard */; };
		AFFB8B84295882BC007356A3 /* PostsTVC.swift in Sources */ = {isa = PBXBuildFile; fileRef = AFFB8B83295882BC007356A3 /* PostsTVC.swift */; };
		AFFB8B8629588578007356A3 /* ApiConstants.swift in Sources */ = {isa = PBXBuildFile; fileRef = AFFB8B8529588578007356A3 /* ApiConstants.swift */; };
		AFFB8B8829588CB1007356A3 /* CommentsTVC.swift in Sources */ = {isa = PBXBuildFile; fileRef = AFFB8B8729588CB1007356A3 /* CommentsTVC.swift */; };
		AFFB8B8A295894F8007356A3 /* Adress.storyboard in Resources */ = {isa = PBXBuildFile; fileRef = AFFB8B89295894F8007356A3 /* Adress.storyboard */; };
		AFFB8B8C29589560007356A3 /* MapVC.swift in Sources */ = {isa = PBXBuildFile; fileRef = AFFB8B8B29589560007356A3 /* MapVC.swift */; };
		AFFB8B932959A4F3007356A3 /* Model Adress.swift in Sources */ = {isa = PBXBuildFile; fileRef = AFFB8B922959A4F3007356A3 /* Model Adress.swift */; };
		AFFB8B952959A542007356A3 /* Model Company.swift in Sources */ = {isa = PBXBuildFile; fileRef = AFFB8B942959A542007356A3 /* Model Company.swift */; };
		AFFB8B972959A5B0007356A3 /* ModelsPostsAndComments.swift in Sources */ = {isa = PBXBuildFile; fileRef = AFFB8B962959A5B0007356A3 /* ModelsPostsAndComments.swift */; };
		AFFB8B992959A5E1007356A3 /* ModelsPhoto.swift in Sources */ = {isa = PBXBuildFile; fileRef = AFFB8B982959A5E1007356A3 /* ModelsPhoto.swift */; };
/* End PBXBuildFile section */

/* Begin PBXFileReference section */
		AF54711529530E1B0055F4EA /* RestApiApp.app */ = {isa = PBXFileReference; explicitFileType = wrapper.application; includeInIndex = 0; path = RestApiApp.app; sourceTree = BUILT_PRODUCTS_DIR; };
		AF54711829530E1B0055F4EA /* AppDelegate.swift */ = {isa = PBXFileReference; lastKnownFileType = sourcecode.swift; path = AppDelegate.swift; sourceTree = "<group>"; };
		AF54711A29530E1B0055F4EA /* SceneDelegate.swift */ = {isa = PBXFileReference; lastKnownFileType = sourcecode.swift; path = SceneDelegate.swift; sourceTree = "<group>"; };
		AF54711F29530E1B0055F4EA /* Base */ = {isa = PBXFileReference; lastKnownFileType = file.storyboard; name = Base; path = Base.lproj/Main.storyboard; sourceTree = "<group>"; };
		AF54712129530E200055F4EA /* Assets.xcassets */ = {isa = PBXFileReference; lastKnownFileType = folder.assetcatalog; path = Assets.xcassets; sourceTree = "<group>"; };
		AF54712429530E200055F4EA /* Base */ = {isa = PBXFileReference; lastKnownFileType = file.storyboard; name = Base; path = Base.lproj/LaunchScreen.storyboard; sourceTree = "<group>"; };
		AF54712629530E200055F4EA /* Info.plist */ = {isa = PBXFileReference; lastKnownFileType = text.plist.xml; path = Info.plist; sourceTree = "<group>"; };
		AF54712F295310EE0055F4EA /* ActionsCVC.swift */ = {isa = PBXFileReference; lastKnownFileType = sourcecode.swift; path = ActionsCVC.swift; sourceTree = "<group>"; };
		AF547131295312090055F4EA /* ActionCollectionViewCell.swift */ = {isa = PBXFileReference; lastKnownFileType = sourcecode.swift; path = ActionCollectionViewCell.swift; sourceTree = "<group>"; };
		AF54713429531DB20055F4EA /* ImageVC.swift */ = {isa = PBXFileReference; lastKnownFileType = sourcecode.swift; path = ImageVC.swift; sourceTree = "<group>"; };
		AF6530CC295D8249000588C8 /* Albums.storyboard */ = {isa = PBXFileReference; lastKnownFileType = file.storyboard; path = Albums.storyboard; sourceTree = "<group>"; };
		AF6530CF295D86E9000588C8 /* AlbumsTVC.swift */ = {isa = PBXFileReference; lastKnownFileType = sourcecode.swift; path = AlbumsTVC.swift; sourceTree = "<group>"; };
		AF6B858A295C3B80006AC682 /* NewPostVC.swift */ = {isa = PBXFileReference; lastKnownFileType = sourcecode.swift; path = NewPostVC.swift; sourceTree = "<group>"; };
		AF6B8596295C6917006AC682 /* NetworkService.swift */ = {isa = PBXFileReference; lastKnownFileType = sourcecode.swift; path = NetworkService.swift; sourceTree = "<group>"; };
		AFFB8B7B29584852007356A3 /* Models User.swift */ = {isa = PBXFileReference; lastKnownFileType = sourcecode.swift; path = "Models User.swift"; sourceTree = "<group>"; };
		AFFB8B7D29584C24007356A3 /* UsersTVC.swift */ = {isa = PBXFileReference; lastKnownFileType = sourcecode.swift; path = UsersTVC.swift; sourceTree = "<group>"; };
		AFFB8B7F29585589007356A3 /* DetailUserVC.swift */ = {isa = PBXFileReference; lastKnownFileType = sourcecode.swift; path = DetailUserVC.swift; sourceTree = "<group>"; };
		AFFB8B812958819B007356A3 /* PostFlow.storyboard */ = {isa = PBXFileReference; lastKnownFileType = file.storyboard; path = PostFlow.storyboard; sourceTree = "<group>"; };
		AFFB8B83295882BC007356A3 /* PostsTVC.swift */ = {isa = PBXFileReference; lastKnownFileType = sourcecode.swift; path = PostsTVC.swift; sourceTree = "<group>"; };
		AFFB8B8529588578007356A3 /* ApiConstants.swift */ = {isa = PBXFileReference; lastKnownFileType = sourcecode.swift; path = ApiConstants.swift; sourceTree = "<group>"; };
		AFFB8B8729588CB1007356A3 /* CommentsTVC.swift */ = {isa = PBXFileReference; lastKnownFileType = sourcecode.swift; path = CommentsTVC.swift; sourceTree = "<group>"; };
		AFFB8B89295894F8007356A3 /* Adress.storyboard */ = {isa = PBXFileReference; lastKnownFileType = file.storyboard; path = Adress.storyboard; sourceTree = "<group>"; };
		AFFB8B8B29589560007356A3 /* MapVC.swift */ = {isa = PBXFileReference; lastKnownFileType = sourcecode.swift; path = MapVC.swift; sourceTree = "<group>"; };
		AFFB8B922959A4F3007356A3 /* Model Adress.swift */ = {isa = PBXFileReference; lastKnownFileType = sourcecode.swift; path = "Model Adress.swift"; sourceTree = "<group>"; };
		AFFB8B942959A542007356A3 /* Model Company.swift */ = {isa = PBXFileReference; lastKnownFileType = sourcecode.swift; path = "Model Company.swift"; sourceTree = "<group>"; };
		AFFB8B962959A5B0007356A3 /* ModelsPostsAndComments.swift */ = {isa = PBXFileReference; lastKnownFileType = sourcecode.swift; path = ModelsPostsAndComments.swift; sourceTree = "<group>"; };
		AFFB8B982959A5E1007356A3 /* ModelsPhoto.swift */ = {isa = PBXFileReference; lastKnownFileType = sourcecode.swift; path = ModelsPhoto.swift; sourceTree = "<group>"; };
/* End PBXFileReference section */

/* Begin PBXFrameworksBuildPhase section */
		AF54711229530E1B0055F4EA /* Frameworks */ = {
			isa = PBXFrameworksBuildPhase;
			buildActionMask = 2147483647;
			files = (
				AF6B858E295C4B42006AC682 /* SwiftyJSON in Frameworks */,
				AF6B8591295C5CC0006AC682 /* Alamofire in Frameworks */,
				AF6B8594295C5E33006AC682 /* AlamofireImage in Frameworks */,
			);
			runOnlyForDeploymentPostprocessing = 0;
		};
/* End PBXFrameworksBuildPhase section */

/* Begin PBXGroup section */
		AF54710C29530E1B0055F4EA = {
			isa = PBXGroup;
			children = (
				AF54711729530E1B0055F4EA /* RestApiApp */,
				AF54711629530E1B0055F4EA /* Products */,
			);
			sourceTree = "<group>";
		};
		AF54711629530E1B0055F4EA /* Products */ = {
			isa = PBXGroup;
			children = (
				AF54711529530E1B0055F4EA /* RestApiApp.app */,
			);
			name = Products;
			sourceTree = "<group>";
		};
		AF54711729530E1B0055F4EA /* RestApiApp */ = {
			isa = PBXGroup;
			children = (
				AFFB8B7A2958482B007356A3 /* Models */,
				AF54712C29530E7B0055F4EA /* Views */,
				AF54712E29530EA70055F4EA /* Controllers */,
				AF6B8595295C68F4006AC682 /* NetworkService */,
				AF54712D29530E880055F4EA /* Delegates */,
				AF54712129530E200055F4EA /* Assets.xcassets */,
				AF54712629530E200055F4EA /* Info.plist */,
			);
			path = RestApiApp;
			sourceTree = "<group>";
		};
		AF54712C29530E7B0055F4EA /* Views */ = {
			isa = PBXGroup;
			children = (
				AF54712329530E200055F4EA /* LaunchScreen.storyboard */,
				AF54711E29530E1B0055F4EA /* Main.storyboard */,
				AFFB8B812958819B007356A3 /* PostFlow.storyboard */,
				AFFB8B89295894F8007356A3 /* Adress.storyboard */,
				AF6530CC295D8249000588C8 /* Albums.storyboard */,
			);
			path = Views;
			sourceTree = "<group>";
		};
		AF54712D29530E880055F4EA /* Delegates */ = {
			isa = PBXGroup;
			children = (
				AF54711829530E1B0055F4EA /* AppDelegate.swift */,
				AF54711A29530E1B0055F4EA /* SceneDelegate.swift */,
			);
			path = Delegates;
			sourceTree = "<group>";
		};
		AF54712E29530EA70055F4EA /* Controllers */ = {
			isa = PBXGroup;
			children = (
				AF54713329531D860055F4EA /* ActionsFlow */,
			);
			path = Controllers;
			sourceTree = "<group>";
		};
		AF54713329531D860055F4EA /* ActionsFlow */ = {
			isa = PBXGroup;
			children = (
				AFFB8B8D2958B9F6007356A3 /* Actions */,
				AFFB8B8E2958BA05007356A3 /* ImageVC */,
				AFFB8B8F2958BA15007356A3 /* UsersVC */,
				AFFB8B902958BA20007356A3 /* PostsandCommentsVC */,
				AF6530CE295D86BF000588C8 /* Albums */,
				AFFB8B912958BA2F007356A3 /* MapVC */,
			);
			path = ActionsFlow;
			sourceTree = "<group>";
		};
		AF6530CE295D86BF000588C8 /* Albums */ = {
			isa = PBXGroup;
			children = (
				AF6530CF295D86E9000588C8 /* AlbumsTVC.swift */,
			);
			path = Albums;
			sourceTree = "<group>";
		};
		AF6B8595295C68F4006AC682 /* NetworkService */ = {
			isa = PBXGroup;
			children = (
				AF6B8596295C6917006AC682 /* NetworkService.swift */,
			);
			path = NetworkService;
			sourceTree = "<group>";
		};
		AFFB8B7A2958482B007356A3 /* Models */ = {
			isa = PBXGroup;
			children = (
				AFFB8B7B29584852007356A3 /* Models User.swift */,
				AFFB8B922959A4F3007356A3 /* Model Adress.swift */,
				AFFB8B942959A542007356A3 /* Model Company.swift */,
				AFFB8B962959A5B0007356A3 /* ModelsPostsAndComments.swift */,
				AFFB8B982959A5E1007356A3 /* ModelsPhoto.swift */,
				AFFB8B8529588578007356A3 /* ApiConstants.swift */,
			);
			path = Models;
			sourceTree = "<group>";
		};
		AFFB8B8D2958B9F6007356A3 /* Actions */ = {
			isa = PBXGroup;
			children = (
				AF54712F295310EE0055F4EA /* ActionsCVC.swift */,
				AF547131295312090055F4EA /* ActionCollectionViewCell.swift */,
			);
			path = Actions;
			sourceTree = "<group>";
		};
		AFFB8B8E2958BA05007356A3 /* ImageVC */ = {
			isa = PBXGroup;
			children = (
				AF54713429531DB20055F4EA /* ImageVC.swift */,
			);
			path = ImageVC;
			sourceTree = "<group>";
		};
		AFFB8B8F2958BA15007356A3 /* UsersVC */ = {
			isa = PBXGroup;
			children = (
				AFFB8B7D29584C24007356A3 /* UsersTVC.swift */,
				AFFB8B7F29585589007356A3 /* DetailUserVC.swift */,
			);
			path = UsersVC;
			sourceTree = "<group>";
		};
		AFFB8B902958BA20007356A3 /* PostsandCommentsVC */ = {
			isa = PBXGroup;
			children = (
				AFFB8B83295882BC007356A3 /* PostsTVC.swift */,
				AF6B858A295C3B80006AC682 /* NewPostVC.swift */,
				AFFB8B8729588CB1007356A3 /* CommentsTVC.swift */,
			);
			path = PostsandCommentsVC;
			sourceTree = "<group>";
		};
		AFFB8B912958BA2F007356A3 /* MapVC */ = {
			isa = PBXGroup;
			children = (
				AFFB8B8B29589560007356A3 /* MapVC.swift */,
			);
			path = MapVC;
			sourceTree = "<group>";
		};
/* End PBXGroup section */

/* Begin PBXNativeTarget section */
		AF54711429530E1B0055F4EA /* RestApiApp */ = {
			isa = PBXNativeTarget;
			buildConfigurationList = AF54712929530E200055F4EA /* Build configuration list for PBXNativeTarget "RestApiApp" */;
			buildPhases = (
				AF54711129530E1B0055F4EA /* Sources */,
				AF54711229530E1B0055F4EA /* Frameworks */,
				AF54711329530E1B0055F4EA /* Resources */,
			);
			buildRules = (
			);
			dependencies = (
			);
			name = RestApiApp;
			packageProductDependencies = (
				AF6B858D295C4B42006AC682 /* SwiftyJSON */,
				AF6B8590295C5CC0006AC682 /* Alamofire */,
				AF6B8593295C5E33006AC682 /* AlamofireImage */,
			);
			productName = RestApiApp;
			productReference = AF54711529530E1B0055F4EA /* RestApiApp.app */;
			productType = "com.apple.product-type.application";
		};
/* End PBXNativeTarget section */

/* Begin PBXProject section */
		AF54710D29530E1B0055F4EA /* Project object */ = {
			isa = PBXProject;
			attributes = {
				BuildIndependentTargetsInParallel = 1;
				LastSwiftUpdateCheck = 1340;
				LastUpgradeCheck = 1340;
				TargetAttributes = {
					AF54711429530E1B0055F4EA = {
						CreatedOnToolsVersion = 13.4.1;
					};
				};
			};
			buildConfigurationList = AF54711029530E1B0055F4EA /* Build configuration list for PBXProject "RestApiApp" */;
			compatibilityVersion = "Xcode 13.0";
			developmentRegion = en;
			hasScannedForEncodings = 0;
			knownRegions = (
				en,
				Base,
			);
			mainGroup = AF54710C29530E1B0055F4EA;
			packageReferences = (
				AF6B858C295C4B42006AC682 /* XCRemoteSwiftPackageReference "SwiftyJSON" */,
				AF6B858F295C5CC0006AC682 /* XCRemoteSwiftPackageReference "Alamofire" */,
				AF6B8592295C5E33006AC682 /* XCRemoteSwiftPackageReference "AlamofireImage" */,
			);
			productRefGroup = AF54711629530E1B0055F4EA /* Products */;
			projectDirPath = "";
			projectRoot = "";
			targets = (
				AF54711429530E1B0055F4EA /* RestApiApp */,
			);
		};
/* End PBXProject section */

/* Begin PBXResourcesBuildPhase section */
		AF54711329530E1B0055F4EA /* Resources */ = {
			isa = PBXResourcesBuildPhase;
			buildActionMask = 2147483647;
			files = (
				AFFB8B822958819B007356A3 /* PostFlow.storyboard in Resources */,
				AF54712529530E200055F4EA /* LaunchScreen.storyboard in Resources */,
				AF6530CD295D8249000588C8 /* Albums.storyboard in Resources */,
				AF54712229530E200055F4EA /* Assets.xcassets in Resources */,
				AF54712029530E1B0055F4EA /* Main.storyboard in Resources */,
				AFFB8B8A295894F8007356A3 /* Adress.storyboard in Resources */,
			);
			runOnlyForDeploymentPostprocessing = 0;
		};
/* End PBXResourcesBuildPhase section */

/* Begin PBXSourcesBuildPhase section */
		AF54711129530E1B0055F4EA /* Sources */ = {
			isa = PBXSourcesBuildPhase;
			buildActionMask = 2147483647;
			files = (
				AFFB8B8029585589007356A3 /* DetailUserVC.swift in Sources */,
				AFFB8B8C29589560007356A3 /* MapVC.swift in Sources */,
				AF54711929530E1B0055F4EA /* AppDelegate.swift in Sources */,
				AFFB8B8629588578007356A3 /* ApiConstants.swift in Sources */,
				AF6B8597295C6917006AC682 /* NetworkService.swift in Sources */,
				AF547130295310EE0055F4EA /* ActionsCVC.swift in Sources */,
				AF6B858B295C3B80006AC682 /* NewPostVC.swift in Sources */,
				AFFB8B8829588CB1007356A3 /* CommentsTVC.swift in Sources */,
				AF54713529531DB20055F4EA /* ImageVC.swift in Sources */,
				AFFB8B7C29584852007356A3 /* Models User.swift in Sources */,
				AFFB8B952959A542007356A3 /* Model Company.swift in Sources */,
				AF547132295312090055F4EA /* ActionCollectionViewCell.swift in Sources */,
				AFFB8B992959A5E1007356A3 /* ModelsPhoto.swift in Sources */,
				AFFB8B84295882BC007356A3 /* PostsTVC.swift in Sources */,
				AFFB8B932959A4F3007356A3 /* Model Adress.swift in Sources */,
				AFFB8B972959A5B0007356A3 /* ModelsPostsAndComments.swift in Sources */,
				AFFB8B7E29584C24007356A3 /* UsersTVC.swift in Sources */,
				AF6530D0295D86E9000588C8 /* AlbumsTVC.swift in Sources */,
				AF54711B29530E1B0055F4EA /* SceneDelegate.swift in Sources */,
			);
			runOnlyForDeploymentPostprocessing = 0;
		};
/* End PBXSourcesBuildPhase section */

/* Begin PBXVariantGroup section */
		AF54711E29530E1B0055F4EA /* Main.storyboard */ = {
			isa = PBXVariantGroup;
			children = (
				AF54711F29530E1B0055F4EA /* Base */,
			);
			name = Main.storyboard;
			sourceTree = "<group>";
		};
		AF54712329530E200055F4EA /* LaunchScreen.storyboard */ = {
			isa = PBXVariantGroup;
			children = (
				AF54712429530E200055F4EA /* Base */,
			);
			name = LaunchScreen.storyboard;
			sourceTree = "<group>";
		};
/* End PBXVariantGroup section */

/* Begin XCBuildConfiguration section */
		AF54712729530E200055F4EA /* Debug */ = {
			isa = XCBuildConfiguration;
			buildSettings = {
				ALWAYS_SEARCH_USER_PATHS = NO;
				CLANG_ANALYZER_NONNULL = YES;
				CLANG_ANALYZER_NUMBER_OBJECT_CONVERSION = YES_AGGRESSIVE;
				CLANG_CXX_LANGUAGE_STANDARD = "gnu++17";
				CLANG_ENABLE_MODULES = YES;
				CLANG_ENABLE_OBJC_ARC = YES;
				CLANG_ENABLE_OBJC_WEAK = YES;
				CLANG_WARN_BLOCK_CAPTURE_AUTORELEASING = YES;
				CLANG_WARN_BOOL_CONVERSION = YES;
				CLANG_WARN_COMMA = YES;
				CLANG_WARN_CONSTANT_CONVERSION = YES;
				CLANG_WARN_DEPRECATED_OBJC_IMPLEMENTATIONS = YES;
				CLANG_WARN_DIRECT_OBJC_ISA_USAGE = YES_ERROR;
				CLANG_WARN_DOCUMENTATION_COMMENTS = YES;
				CLANG_WARN_EMPTY_BODY = YES;
				CLANG_WARN_ENUM_CONVERSION = YES;
				CLANG_WARN_INFINITE_RECURSION = YES;
				CLANG_WARN_INT_CONVERSION = YES;
				CLANG_WARN_NON_LITERAL_NULL_CONVERSION = YES;
				CLANG_WARN_OBJC_IMPLICIT_RETAIN_SELF = YES;
				CLANG_WARN_OBJC_LITERAL_CONVERSION = YES;
				CLANG_WARN_OBJC_ROOT_CLASS = YES_ERROR;
				CLANG_WARN_QUOTED_INCLUDE_IN_FRAMEWORK_HEADER = YES;
				CLANG_WARN_RANGE_LOOP_ANALYSIS = YES;
				CLANG_WARN_STRICT_PROTOTYPES = YES;
				CLANG_WARN_SUSPICIOUS_MOVE = YES;
				CLANG_WARN_UNGUARDED_AVAILABILITY = YES_AGGRESSIVE;
				CLANG_WARN_UNREACHABLE_CODE = YES;
				CLANG_WARN__DUPLICATE_METHOD_MATCH = YES;
				COPY_PHASE_STRIP = NO;
				DEBUG_INFORMATION_FORMAT = dwarf;
				ENABLE_STRICT_OBJC_MSGSEND = YES;
				ENABLE_TESTABILITY = YES;
				GCC_C_LANGUAGE_STANDARD = gnu11;
				GCC_DYNAMIC_NO_PIC = NO;
				GCC_NO_COMMON_BLOCKS = YES;
				GCC_OPTIMIZATION_LEVEL = 0;
				GCC_PREPROCESSOR_DEFINITIONS = (
					"DEBUG=1",
					"$(inherited)",
				);
				GCC_WARN_64_TO_32_BIT_CONVERSION = YES;
				GCC_WARN_ABOUT_RETURN_TYPE = YES_ERROR;
				GCC_WARN_UNDECLARED_SELECTOR = YES;
				GCC_WARN_UNINITIALIZED_AUTOS = YES_AGGRESSIVE;
				GCC_WARN_UNUSED_FUNCTION = YES;
				GCC_WARN_UNUSED_VARIABLE = YES;
				IPHONEOS_DEPLOYMENT_TARGET = 15.5;
				MTL_ENABLE_DEBUG_INFO = INCLUDE_SOURCE;
				MTL_FAST_MATH = YES;
				ONLY_ACTIVE_ARCH = YES;
				SDKROOT = iphoneos;
				SWIFT_ACTIVE_COMPILATION_CONDITIONS = DEBUG;
				SWIFT_OPTIMIZATION_LEVEL = "-Onone";
			};
			name = Debug;
		};
		AF54712829530E200055F4EA /* Release */ = {
			isa = XCBuildConfiguration;
			buildSettings = {
				ALWAYS_SEARCH_USER_PATHS = NO;
				CLANG_ANALYZER_NONNULL = YES;
				CLANG_ANALYZER_NUMBER_OBJECT_CONVERSION = YES_AGGRESSIVE;
				CLANG_CXX_LANGUAGE_STANDARD = "gnu++17";
				CLANG_ENABLE_MODULES = YES;
				CLANG_ENABLE_OBJC_ARC = YES;
				CLANG_ENABLE_OBJC_WEAK = YES;
				CLANG_WARN_BLOCK_CAPTURE_AUTORELEASING = YES;
				CLANG_WARN_BOOL_CONVERSION = YES;
				CLANG_WARN_COMMA = YES;
				CLANG_WARN_CONSTANT_CONVERSION = YES;
				CLANG_WARN_DEPRECATED_OBJC_IMPLEMENTATIONS = YES;
				CLANG_WARN_DIRECT_OBJC_ISA_USAGE = YES_ERROR;
				CLANG_WARN_DOCUMENTATION_COMMENTS = YES;
				CLANG_WARN_EMPTY_BODY = YES;
				CLANG_WARN_ENUM_CONVERSION = YES;
				CLANG_WARN_INFINITE_RECURSION = YES;
				CLANG_WARN_INT_CONVERSION = YES;
				CLANG_WARN_NON_LITERAL_NULL_CONVERSION = YES;
				CLANG_WARN_OBJC_IMPLICIT_RETAIN_SELF = YES;
				CLANG_WARN_OBJC_LITERAL_CONVERSION = YES;
				CLANG_WARN_OBJC_ROOT_CLASS = YES_ERROR;
				CLANG_WARN_QUOTED_INCLUDE_IN_FRAMEWORK_HEADER = YES;
				CLANG_WARN_RANGE_LOOP_ANALYSIS = YES;
				CLANG_WARN_STRICT_PROTOTYPES = YES;
				CLANG_WARN_SUSPICIOUS_MOVE = YES;
				CLANG_WARN_UNGUARDED_AVAILABILITY = YES_AGGRESSIVE;
				CLANG_WARN_UNREACHABLE_CODE = YES;
				CLANG_WARN__DUPLICATE_METHOD_MATCH = YES;
				COPY_PHASE_STRIP = NO;
				DEBUG_INFORMATION_FORMAT = "dwarf-with-dsym";
				ENABLE_NS_ASSERTIONS = NO;
				ENABLE_STRICT_OBJC_MSGSEND = YES;
				GCC_C_LANGUAGE_STANDARD = gnu11;
				GCC_NO_COMMON_BLOCKS = YES;
				GCC_WARN_64_TO_32_BIT_CONVERSION = YES;
				GCC_WARN_ABOUT_RETURN_TYPE = YES_ERROR;
				GCC_WARN_UNDECLARED_SELECTOR = YES;
				GCC_WARN_UNINITIALIZED_AUTOS = YES_AGGRESSIVE;
				GCC_WARN_UNUSED_FUNCTION = YES;
				GCC_WARN_UNUSED_VARIABLE = YES;
				IPHONEOS_DEPLOYMENT_TARGET = 15.5;
				MTL_ENABLE_DEBUG_INFO = NO;
				MTL_FAST_MATH = YES;
				SDKROOT = iphoneos;
				SWIFT_COMPILATION_MODE = wholemodule;
				SWIFT_OPTIMIZATION_LEVEL = "-O";
				VALIDATE_PRODUCT = YES;
			};
			name = Release;
		};
		AF54712A29530E200055F4EA /* Debug */ = {
			isa = XCBuildConfiguration;
			buildSettings = {
				ASSETCATALOG_COMPILER_APPICON_NAME = AppIcon;
				ASSETCATALOG_COMPILER_GLOBAL_ACCENT_COLOR_NAME = AccentColor;
				CODE_SIGN_STYLE = Automatic;
				CURRENT_PROJECT_VERSION = 1;
				DEVELOPMENT_TEAM = JQSUXNGVC5;
				GENERATE_INFOPLIST_FILE = YES;
				INFOPLIST_FILE = RestApiApp/Info.plist;
				INFOPLIST_KEY_UIApplicationSupportsIndirectInputEvents = YES;
				INFOPLIST_KEY_UILaunchStoryboardName = LaunchScreen;
				INFOPLIST_KEY_UIMainStoryboardFile = Main;
				INFOPLIST_KEY_UISupportedInterfaceOrientations = UIInterfaceOrientationPortrait;
				INFOPLIST_KEY_UISupportedInterfaceOrientations_iPad = "UIInterfaceOrientationPortrait UIInterfaceOrientationPortraitUpsideDown UIInterfaceOrientationLandscapeLeft UIInterfaceOrientationLandscapeRight";
				INFOPLIST_KEY_UISupportedInterfaceOrientations_iPhone = "UIInterfaceOrientationPortrait UIInterfaceOrientationLandscapeLeft UIInterfaceOrientationLandscapeRight";
				LD_RUNPATH_SEARCH_PATHS = (
					"$(inherited)",
					"@executable_path/Frameworks",
				);
				MARKETING_VERSION = 1.0;
				PRODUCT_BUNDLE_IDENTIFIER = EugeneZabrodski.RestApiApp;
				PRODUCT_NAME = "$(TARGET_NAME)";
				SWIFT_EMIT_LOC_STRINGS = YES;
				SWIFT_VERSION = 5.0;
				TARGETED_DEVICE_FAMILY = 1;
			};
			name = Debug;
		};
		AF54712B29530E200055F4EA /* Release */ = {
			isa = XCBuildConfiguration;
			buildSettings = {
				ASSETCATALOG_COMPILER_APPICON_NAME = AppIcon;
				ASSETCATALOG_COMPILER_GLOBAL_ACCENT_COLOR_NAME = AccentColor;
				CODE_SIGN_STYLE = Automatic;
				CURRENT_PROJECT_VERSION = 1;
				DEVELOPMENT_TEAM = JQSUXNGVC5;
				GENERATE_INFOPLIST_FILE = YES;
				INFOPLIST_FILE = RestApiApp/Info.plist;
				INFOPLIST_KEY_UIApplicationSupportsIndirectInputEvents = YES;
				INFOPLIST_KEY_UILaunchStoryboardName = LaunchScreen;
				INFOPLIST_KEY_UIMainStoryboardFile = Main;
				INFOPLIST_KEY_UISupportedInterfaceOrientations = UIInterfaceOrientationPortrait;
				INFOPLIST_KEY_UISupportedInterfaceOrientations_iPad = "UIInterfaceOrientationPortrait UIInterfaceOrientationPortraitUpsideDown UIInterfaceOrientationLandscapeLeft UIInterfaceOrientationLandscapeRight";
				INFOPLIST_KEY_UISupportedInterfaceOrientations_iPhone = "UIInterfaceOrientationPortrait UIInterfaceOrientationLandscapeLeft UIInterfaceOrientationLandscapeRight";
				LD_RUNPATH_SEARCH_PATHS = (
					"$(inherited)",
					"@executable_path/Frameworks",
				);
				MARKETING_VERSION = 1.0;
				PRODUCT_BUNDLE_IDENTIFIER = EugeneZabrodski.RestApiApp;
				PRODUCT_NAME = "$(TARGET_NAME)";
				SWIFT_EMIT_LOC_STRINGS = YES;
				SWIFT_VERSION = 5.0;
				TARGETED_DEVICE_FAMILY = 1;
			};
			name = Release;
		};
/* End XCBuildConfiguration section */

/* Begin XCConfigurationList section */
		AF54711029530E1B0055F4EA /* Build configuration list for PBXProject "RestApiApp" */ = {
			isa = XCConfigurationList;
			buildConfigurations = (
				AF54712729530E200055F4EA /* Debug */,
				AF54712829530E200055F4EA /* Release */,
			);
			defaultConfigurationIsVisible = 0;
			defaultConfigurationName = Release;
		};
		AF54712929530E200055F4EA /* Build configuration list for PBXNativeTarget "RestApiApp" */ = {
			isa = XCConfigurationList;
			buildConfigurations = (
				AF54712A29530E200055F4EA /* Debug */,
				AF54712B29530E200055F4EA /* Release */,
			);
			defaultConfigurationIsVisible = 0;
			defaultConfigurationName = Release;
		};
/* End XCConfigurationList section */

/* Begin XCRemoteSwiftPackageReference section */
		AF6B858C295C4B42006AC682 /* XCRemoteSwiftPackageReference "SwiftyJSON" */ = {
			isa = XCRemoteSwiftPackageReference;
			repositoryURL = "https://github.com/SwiftyJSON/SwiftyJSON.git";
			requirement = {
				kind = upToNextMajorVersion;
				minimumVersion = 5.0.0;
			};
		};
		AF6B858F295C5CC0006AC682 /* XCRemoteSwiftPackageReference "Alamofire" */ = {
			isa = XCRemoteSwiftPackageReference;
			repositoryURL = "https://github.com/Alamofire/Alamofire.git";
			requirement = {
				kind = upToNextMajorVersion;
				minimumVersion = 5.0.0;
			};
		};
		AF6B8592295C5E33006AC682 /* XCRemoteSwiftPackageReference "AlamofireImage" */ = {
			isa = XCRemoteSwiftPackageReference;
			repositoryURL = "https://github.com/Alamofire/AlamofireImage.git";
			requirement = {
				kind = upToNextMajorVersion;
				minimumVersion = 4.0.0;
			};
		};
/* End XCRemoteSwiftPackageReference section */

/* Begin XCSwiftPackageProductDependency section */
		AF6B858D295C4B42006AC682 /* SwiftyJSON */ = {
			isa = XCSwiftPackageProductDependency;
			package = AF6B858C295C4B42006AC682 /* XCRemoteSwiftPackageReference "SwiftyJSON" */;
			productName = SwiftyJSON;
		};
		AF6B8590295C5CC0006AC682 /* Alamofire */ = {
			isa = XCSwiftPackageProductDependency;
			package = AF6B858F295C5CC0006AC682 /* XCRemoteSwiftPackageReference "Alamofire" */;
			productName = Alamofire;
		};
		AF6B8593295C5E33006AC682 /* AlamofireImage */ = {
			isa = XCSwiftPackageProductDependency;
			package = AF6B8592295C5E33006AC682 /* XCRemoteSwiftPackageReference "AlamofireImage" */;
			productName = AlamofireImage;
		};
/* End XCSwiftPackageProductDependency section */
	};
	rootObject = AF54710D29530E1B0055F4EA /* Project object */;
}
